
Microsoft Visual Studio Solution File, Format Version 12.00
# Visual Studio Version 17
VisualStudioVersion = 17.1.32414.318
MinimumVisualStudioVersion = 10.0.40219.1
Project("{2150E333-8FDC-42A3-9474-1A3956D46DE8}") = "Multidimensional Arrays", "Multidimensional Arrays", "{1A2C90F0-3363-4DE2-8852-2CA0B6CF70A7}"
EndProject
Project("{FAE04EC0-301F-11D3-BF4B-00C04F79EFBC}") = "Reverse Array", "Reverse Array\Reverse Array.csproj", "{54BDFF5A-5E7D-4A39-BA60-C44F916156D3}"
EndProject
Project("{FAE04EC0-301F-11D3-BF4B-00C04F79EFBC}") = "Symmetric Arrays", "Symmetric Arrays\Symmetric Arrays.csproj", "{DCFD6782-A7A8-4A86-83D1-E814DFA3B1AC}"
EndProject
Project("{FAE04EC0-301F-11D3-BF4B-00C04F79EFBC}") = "Three Groups", "Three Groups\Three Groups.csproj", "{54D05BA9-D289-49D4-9AB2-D1A7FE4A361A}"
EndProject
Project("{FAE04EC0-301F-11D3-BF4B-00C04F79EFBC}") = "Above The Main Diagonal", "Above The Main Diagonal\Above The Main Diagonal.csproj", "{E91F1C9A-6C59-4BA6-8CC7-61E5165338A8}"
EndProject
Project("{FAE04EC0-301F-11D3-BF4B-00C04F79EFBC}") = "Above The Main Diagonal 2", "Above The Main Diagonal 2\Above The Main Diagonal 2.csproj", "{011B2F0C-E201-4442-989C-A7DDE2429C66}"
EndProject
Project("{2150E333-8FDC-42A3-9474-1A3956D46DE8}") = "Arrays Lecture", "Arrays Lecture", "{E8DDD6EA-B958-42F2-A79C-C709B6DDFDD6}"
EndProject
Project("{FAE04EC0-301F-11D3-BF4B-00C04F79EFBC}") = "ArraySession", "ArraySession\ArraySession.csproj", "{084B85A0-C4B5-4416-ACD0-95F656E0271D}"
EndProject
Project("{FAE04EC0-301F-11D3-BF4B-00C04F79EFBC}") = "2dArrays", "2dArrays\2dArrays.csproj", "{E4D9A996-99B0-4CC0-903A-8C2160C1FEF9}"
EndProject
Project("{FAE04EC0-301F-11D3-BF4B-00C04F79EFBC}") = "Above The Main Diagonal Solution 2", "Above The Main Diagonal Solution 2\Above The Main Diagonal Solution 2.csproj", "{63FA1158-5F2B-4960-9E12-68B502313D04}"
EndProject
Project("{FAE04EC0-301F-11D3-BF4B-00C04F79EFBC}") = "Primes to N", "Primes to N\Primes to N.csproj", "{DE337F5F-CF6E-4B78-829B-23F688214285}"
EndProject
Project("{FAE04EC0-301F-11D3-BF4B-00C04F79EFBC}") = "Longest Sequence Of Equal", "Longest Sequence Of Equal\Longest Sequence Of Equal.csproj", "{1C66E766-2FAC-4E14-A78F-42FAA02B64AF}"
EndProject
Project("{FAE04EC0-301F-11D3-BF4B-00C04F79EFBC}") = "Big Numbers", "Big Numbers\Big Numbers.csproj", "{87BCF41E-D9FF-49E1-AFDC-1B8F01D4D4C4}"
EndProject
Project("{FAE04EC0-301F-11D3-BF4B-00C04F79EFBC}") = "Knight Moves", "Knight Moves\Knight Moves.csproj", "{D813BF30-8F4D-4C74-A5A5-36E512FACA36}"
EndProject
Project("{FAE04EC0-301F-11D3-BF4B-00C04F79EFBC}") = "Methods", "Methods and Strings\Methods.csproj", "{3ECF9B2C-4B0C-43F4-83EC-E5CAAED9EF27}"
EndProject
Project("{2150E333-8FDC-42A3-9474-1A3956D46DE8}") = "Methods-Strings", "Methods-Strings", "{5460BBED-41BE-4189-BBF0-F5AFB41662C5}"
EndProject
Project("{FAE04EC0-301F-11D3-BF4B-00C04F79EFBC}") = "Strings", "Strings\Strings.csproj", "{0EAD5202-3B7B-4AAE-B564-3BA7B1C243E2}"
EndProject
Project("{FAE04EC0-301F-11D3-BF4B-00C04F79EFBC}") = "Knight Moves Solution 2", "Knight Moves Solution 2\Knight Moves Solution 2.csproj", "{E7A8BFF3-F41C-4EB0-A92D-9ED70DA55A63}"
EndProject
Project("{2150E333-8FDC-42A3-9474-1A3956D46DE8}") = "Methods and Strings Lecture", "Methods and Strings Lecture", "{0AFD80D2-CF16-49C0-91B1-FEDF43EE3CE8}"
EndProject
Project("{FAE04EC0-301F-11D3-BF4B-00C04F79EFBC}") = "Prime Triangle", "Prime Triangle\Prime Triangle.csproj", "{2AD4CF21-2D7C-4363-AC07-8BC31BC9EF5F}"
EndProject
Project("{FAE04EC0-301F-11D3-BF4B-00C04F79EFBC}") = "Move", "Move\Move.csproj", "{9176AC19-C77C-46C6-A6B1-2B848E417E5A}"
EndProject
Project("{FAE04EC0-301F-11D3-BF4B-00C04F79EFBC}") = "Bounce", "Bounce\Bounce.csproj", "{86B563B0-D3B7-413E-8636-883EAD4E7F28}"
EndProject
Project("{FAE04EC0-301F-11D3-BF4B-00C04F79EFBC}") = "Bounce 2", "Bounce 2\Bounce 2.csproj", "{EB7B1661-761C-4AE3-9F6D-87B8F5114881}"
EndProject
Project("{FAE04EC0-301F-11D3-BF4B-00C04F79EFBC}") = "Move 2", "Move 2\Move 2.csproj", "{F293F194-70BC-41B9-8133-761737169DE3}"
EndProject
Project("{2150E333-8FDC-42A3-9474-1A3956D46DE8}") = "Methods-Homework", "Methods-Homework", "{8860443F-BE7A-4D60-BA89-C090785E61ED}"
EndProject
Project("{FAE04EC0-301F-11D3-BF4B-00C04F79EFBC}") = "Methods-Homework-Solution", "Methods-Homework-Solution\Methods-Homework-Solution.csproj", "{A231DEB7-D7E7-46D5-B8E1-BFCF73714B59}"
EndProject
Global
	GlobalSection(SolutionConfigurationPlatforms) = preSolution
		Debug|Any CPU = Debug|Any CPU
		Release|Any CPU = Release|Any CPU
	EndGlobalSection
	GlobalSection(ProjectConfigurationPlatforms) = postSolution
		{54BDFF5A-5E7D-4A39-BA60-C44F916156D3}.Debug|Any CPU.ActiveCfg = Debug|Any CPU
		{54BDFF5A-5E7D-4A39-BA60-C44F916156D3}.Debug|Any CPU.Build.0 = Debug|Any CPU
		{54BDFF5A-5E7D-4A39-BA60-C44F916156D3}.Release|Any CPU.ActiveCfg = Release|Any CPU
		{54BDFF5A-5E7D-4A39-BA60-C44F916156D3}.Release|Any CPU.Build.0 = Release|Any CPU
		{DCFD6782-A7A8-4A86-83D1-E814DFA3B1AC}.Debug|Any CPU.ActiveCfg = Debug|Any CPU
		{DCFD6782-A7A8-4A86-83D1-E814DFA3B1AC}.Debug|Any CPU.Build.0 = Debug|Any CPU
		{DCFD6782-A7A8-4A86-83D1-E814DFA3B1AC}.Release|Any CPU.ActiveCfg = Release|Any CPU
		{DCFD6782-A7A8-4A86-83D1-E814DFA3B1AC}.Release|Any CPU.Build.0 = Release|Any CPU
		{54D05BA9-D289-49D4-9AB2-D1A7FE4A361A}.Debug|Any CPU.ActiveCfg = Debug|Any CPU
		{54D05BA9-D289-49D4-9AB2-D1A7FE4A361A}.Debug|Any CPU.Build.0 = Debug|Any CPU
		{54D05BA9-D289-49D4-9AB2-D1A7FE4A361A}.Release|Any CPU.ActiveCfg = Release|Any CPU
		{54D05BA9-D289-49D4-9AB2-D1A7FE4A361A}.Release|Any CPU.Build.0 = Release|Any CPU
		{E91F1C9A-6C59-4BA6-8CC7-61E5165338A8}.Debug|Any CPU.ActiveCfg = Debug|Any CPU
		{E91F1C9A-6C59-4BA6-8CC7-61E5165338A8}.Debug|Any CPU.Build.0 = Debug|Any CPU
		{E91F1C9A-6C59-4BA6-8CC7-61E5165338A8}.Release|Any CPU.ActiveCfg = Release|Any CPU
		{E91F1C9A-6C59-4BA6-8CC7-61E5165338A8}.Release|Any CPU.Build.0 = Release|Any CPU
		{011B2F0C-E201-4442-989C-A7DDE2429C66}.Debug|Any CPU.ActiveCfg = Debug|Any CPU
		{011B2F0C-E201-4442-989C-A7DDE2429C66}.Debug|Any CPU.Build.0 = Debug|Any CPU
		{011B2F0C-E201-4442-989C-A7DDE2429C66}.Release|Any CPU.ActiveCfg = Release|Any CPU
		{011B2F0C-E201-4442-989C-A7DDE2429C66}.Release|Any CPU.Build.0 = Release|Any CPU
		{084B85A0-C4B5-4416-ACD0-95F656E0271D}.Debug|Any CPU.ActiveCfg = Debug|Any CPU
		{084B85A0-C4B5-4416-ACD0-95F656E0271D}.Debug|Any CPU.Build.0 = Debug|Any CPU
		{084B85A0-C4B5-4416-ACD0-95F656E0271D}.Release|Any CPU.ActiveCfg = Release|Any CPU
		{084B85A0-C4B5-4416-ACD0-95F656E0271D}.Release|Any CPU.Build.0 = Release|Any CPU
		{E4D9A996-99B0-4CC0-903A-8C2160C1FEF9}.Debug|Any CPU.ActiveCfg = Debug|Any CPU
		{E4D9A996-99B0-4CC0-903A-8C2160C1FEF9}.Debug|Any CPU.Build.0 = Debug|Any CPU
		{E4D9A996-99B0-4CC0-903A-8C2160C1FEF9}.Release|Any CPU.ActiveCfg = Release|Any CPU
		{E4D9A996-99B0-4CC0-903A-8C2160C1FEF9}.Release|Any CPU.Build.0 = Release|Any CPU
		{63FA1158-5F2B-4960-9E12-68B502313D04}.Debug|Any CPU.ActiveCfg = Debug|Any CPU
		{63FA1158-5F2B-4960-9E12-68B502313D04}.Debug|Any CPU.Build.0 = Debug|Any CPU
		{63FA1158-5F2B-4960-9E12-68B502313D04}.Release|Any CPU.ActiveCfg = Release|Any CPU
		{63FA1158-5F2B-4960-9E12-68B502313D04}.Release|Any CPU.Build.0 = Release|Any CPU
		{DE337F5F-CF6E-4B78-829B-23F688214285}.Debug|Any CPU.ActiveCfg = Debug|Any CPU
		{DE337F5F-CF6E-4B78-829B-23F688214285}.Debug|Any CPU.Build.0 = Debug|Any CPU
		{DE337F5F-CF6E-4B78-829B-23F688214285}.Release|Any CPU.ActiveCfg = Release|Any CPU
		{DE337F5F-CF6E-4B78-829B-23F688214285}.Release|Any CPU.Build.0 = Release|Any CPU
		{1C66E766-2FAC-4E14-A78F-42FAA02B64AF}.Debug|Any CPU.ActiveCfg = Debug|Any CPU
		{1C66E766-2FAC-4E14-A78F-42FAA02B64AF}.Debug|Any CPU.Build.0 = Debug|Any CPU
		{1C66E766-2FAC-4E14-A78F-42FAA02B64AF}.Release|Any CPU.ActiveCfg = Release|Any CPU
		{1C66E766-2FAC-4E14-A78F-42FAA02B64AF}.Release|Any CPU.Build.0 = Release|Any CPU
		{87BCF41E-D9FF-49E1-AFDC-1B8F01D4D4C4}.Debug|Any CPU.ActiveCfg = Debug|Any CPU
		{87BCF41E-D9FF-49E1-AFDC-1B8F01D4D4C4}.Debug|Any CPU.Build.0 = Debug|Any CPU
		{87BCF41E-D9FF-49E1-AFDC-1B8F01D4D4C4}.Release|Any CPU.ActiveCfg = Release|Any CPU
		{87BCF41E-D9FF-49E1-AFDC-1B8F01D4D4C4}.Release|Any CPU.Build.0 = Release|Any CPU
		{D813BF30-8F4D-4C74-A5A5-36E512FACA36}.Debug|Any CPU.ActiveCfg = Debug|Any CPU
		{D813BF30-8F4D-4C74-A5A5-36E512FACA36}.Debug|Any CPU.Build.0 = Debug|Any CPU
		{D813BF30-8F4D-4C74-A5A5-36E512FACA36}.Release|Any CPU.ActiveCfg = Release|Any CPU
		{D813BF30-8F4D-4C74-A5A5-36E512FACA36}.Release|Any CPU.Build.0 = Release|Any CPU
		{3ECF9B2C-4B0C-43F4-83EC-E5CAAED9EF27}.Debug|Any CPU.ActiveCfg = Debug|Any CPU
		{3ECF9B2C-4B0C-43F4-83EC-E5CAAED9EF27}.Debug|Any CPU.Build.0 = Debug|Any CPU
		{3ECF9B2C-4B0C-43F4-83EC-E5CAAED9EF27}.Release|Any CPU.ActiveCfg = Release|Any CPU
		{3ECF9B2C-4B0C-43F4-83EC-E5CAAED9EF27}.Release|Any CPU.Build.0 = Release|Any CPU
		{0EAD5202-3B7B-4AAE-B564-3BA7B1C243E2}.Debug|Any CPU.ActiveCfg = Debug|Any CPU
		{0EAD5202-3B7B-4AAE-B564-3BA7B1C243E2}.Debug|Any CPU.Build.0 = Debug|Any CPU
		{0EAD5202-3B7B-4AAE-B564-3BA7B1C243E2}.Release|Any CPU.ActiveCfg = Release|Any CPU
		{0EAD5202-3B7B-4AAE-B564-3BA7B1C243E2}.Release|Any CPU.Build.0 = Release|Any CPU
		{E7A8BFF3-F41C-4EB0-A92D-9ED70DA55A63}.Debug|Any CPU.ActiveCfg = Debug|Any CPU
		{E7A8BFF3-F41C-4EB0-A92D-9ED70DA55A63}.Debug|Any CPU.Build.0 = Debug|Any CPU
		{E7A8BFF3-F41C-4EB0-A92D-9ED70DA55A63}.Release|Any CPU.ActiveCfg = Release|Any CPU
		{E7A8BFF3-F41C-4EB0-A92D-9ED70DA55A63}.Release|Any CPU.Build.0 = Release|Any CPU
		{2AD4CF21-2D7C-4363-AC07-8BC31BC9EF5F}.Debug|Any CPU.ActiveCfg = Debug|Any CPU
		{2AD4CF21-2D7C-4363-AC07-8BC31BC9EF5F}.Debug|Any CPU.Build.0 = Debug|Any CPU
		{2AD4CF21-2D7C-4363-AC07-8BC31BC9EF5F}.Release|Any CPU.ActiveCfg = Release|Any CPU
		{2AD4CF21-2D7C-4363-AC07-8BC31BC9EF5F}.Release|Any CPU.Build.0 = Release|Any CPU
		{9176AC19-C77C-46C6-A6B1-2B848E417E5A}.Debug|Any CPU.ActiveCfg = Debug|Any CPU
		{9176AC19-C77C-46C6-A6B1-2B848E417E5A}.Debug|Any CPU.Build.0 = Debug|Any CPU
		{9176AC19-C77C-46C6-A6B1-2B848E417E5A}.Release|Any CPU.ActiveCfg = Release|Any CPU
		{9176AC19-C77C-46C6-A6B1-2B848E417E5A}.Release|Any CPU.Build.0 = Release|Any CPU
		{86B563B0-D3B7-413E-8636-883EAD4E7F28}.Debug|Any CPU.ActiveCfg = Debug|Any CPU
		{86B563B0-D3B7-413E-8636-883EAD4E7F28}.Debug|Any CPU.Build.0 = Debug|Any CPU
		{86B563B0-D3B7-413E-8636-883EAD4E7F28}.Release|Any CPU.ActiveCfg = Release|Any CPU
		{86B563B0-D3B7-413E-8636-883EAD4E7F28}.Release|Any CPU.Build.0 = Release|Any CPU
		{EB7B1661-761C-4AE3-9F6D-87B8F5114881}.Debug|Any CPU.ActiveCfg = Debug|Any CPU
		{EB7B1661-761C-4AE3-9F6D-87B8F5114881}.Debug|Any CPU.Build.0 = Debug|Any CPU
		{EB7B1661-761C-4AE3-9F6D-87B8F5114881}.Release|Any CPU.ActiveCfg = Release|Any CPU
		{EB7B1661-761C-4AE3-9F6D-87B8F5114881}.Release|Any CPU.Build.0 = Release|Any CPU
		{F293F194-70BC-41B9-8133-761737169DE3}.Debug|Any CPU.ActiveCfg = Debug|Any CPU
		{F293F194-70BC-41B9-8133-761737169DE3}.Debug|Any CPU.Build.0 = Debug|Any CPU
		{F293F194-70BC-41B9-8133-761737169DE3}.Release|Any CPU.ActiveCfg = Release|Any CPU
		{F293F194-70BC-41B9-8133-761737169DE3}.Release|Any CPU.Build.0 = Release|Any CPU
		{A231DEB7-D7E7-46D5-B8E1-BFCF73714B59}.Debug|Any CPU.ActiveCfg = Debug|Any CPU
		{A231DEB7-D7E7-46D5-B8E1-BFCF73714B59}.Debug|Any CPU.Build.0 = Debug|Any CPU
		{A231DEB7-D7E7-46D5-B8E1-BFCF73714B59}.Release|Any CPU.ActiveCfg = Release|Any CPU
		{A231DEB7-D7E7-46D5-B8E1-BFCF73714B59}.Release|Any CPU.Build.0 = Release|Any CPU
	EndGlobalSection
	GlobalSection(SolutionProperties) = preSolution
		HideSolutionNode = FALSE
	EndGlobalSection
	GlobalSection(NestedProjects) = preSolution
		{54BDFF5A-5E7D-4A39-BA60-C44F916156D3} = {1A2C90F0-3363-4DE2-8852-2CA0B6CF70A7}
		{DCFD6782-A7A8-4A86-83D1-E814DFA3B1AC} = {1A2C90F0-3363-4DE2-8852-2CA0B6CF70A7}
		{54D05BA9-D289-49D4-9AB2-D1A7FE4A361A} = {1A2C90F0-3363-4DE2-8852-2CA0B6CF70A7}
		{E91F1C9A-6C59-4BA6-8CC7-61E5165338A8} = {1A2C90F0-3363-4DE2-8852-2CA0B6CF70A7}
		{011B2F0C-E201-4442-989C-A7DDE2429C66} = {1A2C90F0-3363-4DE2-8852-2CA0B6CF70A7}
		{E8DDD6EA-B958-42F2-A79C-C709B6DDFDD6} = {1A2C90F0-3363-4DE2-8852-2CA0B6CF70A7}
		{084B85A0-C4B5-4416-ACD0-95F656E0271D} = {E8DDD6EA-B958-42F2-A79C-C709B6DDFDD6}
		{E4D9A996-99B0-4CC0-903A-8C2160C1FEF9} = {E8DDD6EA-B958-42F2-A79C-C709B6DDFDD6}
		{63FA1158-5F2B-4960-9E12-68B502313D04} = {E8DDD6EA-B958-42F2-A79C-C709B6DDFDD6}
		{DE337F5F-CF6E-4B78-829B-23F688214285} = {1A2C90F0-3363-4DE2-8852-2CA0B6CF70A7}
		{1C66E766-2FAC-4E14-A78F-42FAA02B64AF} = {1A2C90F0-3363-4DE2-8852-2CA0B6CF70A7}
		{87BCF41E-D9FF-49E1-AFDC-1B8F01D4D4C4} = {1A2C90F0-3363-4DE2-8852-2CA0B6CF70A7}
		{D813BF30-8F4D-4C74-A5A5-36E512FACA36} = {1A2C90F0-3363-4DE2-8852-2CA0B6CF70A7}
		{3ECF9B2C-4B0C-43F4-83EC-E5CAAED9EF27} = {0AFD80D2-CF16-49C0-91B1-FEDF43EE3CE8}
		{0EAD5202-3B7B-4AAE-B564-3BA7B1C243E2} = {0AFD80D2-CF16-49C0-91B1-FEDF43EE3CE8}
		{E7A8BFF3-F41C-4EB0-A92D-9ED70DA55A63} = {1A2C90F0-3363-4DE2-8852-2CA0B6CF70A7}
		{0AFD80D2-CF16-49C0-91B1-FEDF43EE3CE8} = {5460BBED-41BE-4189-BBF0-F5AFB41662C5}
		{2AD4CF21-2D7C-4363-AC07-8BC31BC9EF5F} = {5460BBED-41BE-4189-BBF0-F5AFB41662C5}
		{9176AC19-C77C-46C6-A6B1-2B848E417E5A} = {5460BBED-41BE-4189-BBF0-F5AFB41662C5}
		{86B563B0-D3B7-413E-8636-883EAD4E7F28} = {5460BBED-41BE-4189-BBF0-F5AFB41662C5}
		{EB7B1661-761C-4AE3-9F6D-87B8F5114881} = {5460BBED-41BE-4189-BBF0-F5AFB41662C5}
		{F293F194-70BC-41B9-8133-761737169DE3} = {5460BBED-41BE-4189-BBF0-F5AFB41662C5}
		{8860443F-BE7A-4D60-BA89-C090785E61ED} = {5460BBED-41BE-4189-BBF0-F5AFB41662C5}
		{A231DEB7-D7E7-46D5-B8E1-BFCF73714B59} = {8860443F-BE7A-4D60-BA89-C090785E61ED}
	EndGlobalSection
	GlobalSection(ExtensibilityGlobals) = postSolution
		SolutionGuid = {14487515-F0F3-42AA-9AA6-8751AA36B2E9}
	EndGlobalSection
EndGlobal
